
Microsoft Visual Studio Solution File, Format Version 12.00
# Visual Studio Version 17
VisualStudioVersion = 17.7.34031.279
MinimumVisualStudioVersion = 10.0.40219.1
Project("{9A19103F-16F7-4668-BE54-9A1E7A4F7556}") = "PrimerParcialLabo", "PrimerParcialLabo.csproj", "{F11A2BDA-3E22-4EB3-BCC6-2D8DBF0537A6}"
EndProject
Project("{FAE04EC0-301F-11D3-BF4B-00C04F79EFBC}") = "Calculadora", "..\Calculadora\Calculadora.csproj", "{4CBB2574-B3FC-4CE2-99D4-129B9BEA02B3}"
EndProject
Global
	GlobalSection(SolutionConfigurationPlatforms) = preSolution
		Debug|Any CPU = Debug|Any CPU
		Release|Any CPU = Release|Any CPU
	EndGlobalSection
	GlobalSection(ProjectConfigurationPlatforms) = postSolution
		{F11A2BDA-3E22-4EB3-BCC6-2D8DBF0537A6}.Debug|Any CPU.ActiveCfg = Debug|Any CPU
		{F11A2BDA-3E22-4EB3-BCC6-2D8DBF0537A6}.Debug|Any CPU.Build.0 = Debug|Any CPU
		{F11A2BDA-3E22-4EB3-BCC6-2D8DBF0537A6}.Release|Any CPU.ActiveCfg = Release|Any CPU
		{F11A2BDA-3E22-4EB3-BCC6-2D8DBF0537A6}.Release|Any CPU.Build.0 = Release|Any CPU
		{4CBB2574-B3FC-4CE2-99D4-129B9BEA02B3}.Debug|Any CPU.ActiveCfg = Debug|Any CPU
		{4CBB2574-B3FC-4CE2-99D4-129B9BEA02B3}.Debug|Any CPU.Build.0 = Debug|Any CPU
		{4CBB2574-B3FC-4CE2-99D4-129B9BEA02B3}.Release|Any CPU.ActiveCfg = Release|Any CPU
		{4CBB2574-B3FC-4CE2-99D4-129B9BEA02B3}.Release|Any CPU.Build.0 = Release|Any CPU
	EndGlobalSection
	GlobalSection(SolutionProperties) = preSolution
		HideSolutionNode = FALSE
	EndGlobalSection
	GlobalSection(ExtensibilityGlobals) = postSolution
		SolutionGuid = {25E22899-D319-4272-8F78-EB6F343EB45B}
	EndGlobalSection
EndGlobal
